
Microsoft Visual Studio Solution File, Format Version 12.00
# Visual Studio Version 17
VisualStudioVersion = 17.14.36511.14 d17.14
MinimumVisualStudioVersion = 10.0.40219.1
Project("{FAE04EC0-301F-11D3-BF4B-00C04F79EFBC}") = "Task 6 R", "Task 6 R\Task 6 R.csproj", "{47E38F85-EB2D-4A02-9D95-06FDD8FECC1D}"
EndProject
Global
	GlobalSection(SolutionConfigurationPlatforms) = preSolution
		Debug|Any CPU = Debug|Any CPU
		Release|Any CPU = Release|Any CPU
	EndGlobalSection
	GlobalSection(ProjectConfigurationPlatforms) = postSolution
		{47E38F85-EB2D-4A02-9D95-06FDD8FECC1D}.Debug|Any CPU.ActiveCfg = Debug|Any CPU
		{47E38F85-EB2D-4A02-9D95-06FDD8FECC1D}.Debug|Any CPU.Build.0 = Debug|Any CPU
		{47E38F85-EB2D-4A02-9D95-06FDD8FECC1D}.Release|Any CPU.ActiveCfg = Release|Any CPU
		{47E38F85-EB2D-4A02-9D95-06FDD8FECC1D}.Release|Any CPU.Build.0 = Release|Any CPU
	EndGlobalSection
	GlobalSection(SolutionProperties) = preSolution
		HideSolutionNode = FALSE
	EndGlobalSection
	GlobalSection(ExtensibilityGlobals) = postSolution
		SolutionGuid = {F8BDF742-C1F2-4187-BF30-EA081783F862}
	EndGlobalSection
EndGlobal
