
Microsoft Visual Studio Solution File, Format Version 12.00
# Visual Studio Version 17
VisualStudioVersion = 17.14.36511.14 d17.14
MinimumVisualStudioVersion = 10.0.40219.1
Project("{FAE04EC0-301F-11D3-BF4B-00C04F79EFBC}") = "Task 7 R", "Task 7 R\Task 7 R.csproj", "{99487C7F-1C6D-479F-A6FD-2BC3DAE39189}"
EndProject
Global
	GlobalSection(SolutionConfigurationPlatforms) = preSolution
		Debug|Any CPU = Debug|Any CPU
		Release|Any CPU = Release|Any CPU
	EndGlobalSection
	GlobalSection(ProjectConfigurationPlatforms) = postSolution
		{99487C7F-1C6D-479F-A6FD-2BC3DAE39189}.Debug|Any CPU.ActiveCfg = Debug|Any CPU
		{99487C7F-1C6D-479F-A6FD-2BC3DAE39189}.Debug|Any CPU.Build.0 = Debug|Any CPU
		{99487C7F-1C6D-479F-A6FD-2BC3DAE39189}.Release|Any CPU.ActiveCfg = Release|Any CPU
		{99487C7F-1C6D-479F-A6FD-2BC3DAE39189}.Release|Any CPU.Build.0 = Release|Any CPU
	EndGlobalSection
	GlobalSection(SolutionProperties) = preSolution
		HideSolutionNode = FALSE
	EndGlobalSection
	GlobalSection(ExtensibilityGlobals) = postSolution
		SolutionGuid = {30B2D176-9A11-4F40-B06F-A0313BB30ED7}
	EndGlobalSection
EndGlobal
